
Microsoft Visual Studio Solution File, Format Version 12.00
# Visual Studio Version 16
VisualStudioVersion = 16.0.32630.194
MinimumVisualStudioVersion = 10.0.40219.1
Project("{FAE04EC0-301F-11D3-BF4B-00C04F79EFBC}") = "UserRegistration_MVC", "UserRegistration_MVC\UserRegistration_MVC.csproj", "{50B3BFA8-F468-4B89-8B67-39F9BC1E3F37}"
EndProject
Global
	GlobalSection(SolutionConfigurationPlatforms) = preSolution
		Debug|Any CPU = Debug|Any CPU
		Release|Any CPU = Release|Any CPU
	EndGlobalSection
	GlobalSection(ProjectConfigurationPlatforms) = postSolution
		{50B3BFA8-F468-4B89-8B67-39F9BC1E3F37}.Debug|Any CPU.ActiveCfg = Debug|Any CPU
		{50B3BFA8-F468-4B89-8B67-39F9BC1E3F37}.Debug|Any CPU.Build.0 = Debug|Any CPU
		{50B3BFA8-F468-4B89-8B67-39F9BC1E3F37}.Release|Any CPU.ActiveCfg = Release|Any CPU
		{50B3BFA8-F468-4B89-8B67-39F9BC1E3F37}.Release|Any CPU.Build.0 = Release|Any CPU
	EndGlobalSection
	GlobalSection(SolutionProperties) = preSolution
		HideSolutionNode = FALSE
	EndGlobalSection
	GlobalSection(ExtensibilityGlobals) = postSolution
		SolutionGuid = {37B6E4EF-2BC4-4A69-856C-32C34E97209A}
	EndGlobalSection
EndGlobal
